
Microsoft Visual Studio Solution File, Format Version 12.00
# Visual Studio Version 16
VisualStudioVersion = 16.0.30517.126
MinimumVisualStudioVersion = 10.0.40219.1
Project("{FAE04EC0-301F-11D3-BF4B-00C04F79EFBC}") = "Bhaskara", "Bhaskara\Bhaskara.csproj", "{75C4D8F3-05A8-4AA9-8606-417BE10045BC}"
EndProject
Global
	GlobalSection(SolutionConfigurationPlatforms) = preSolution
		Debug|Any CPU = Debug|Any CPU
		Release|Any CPU = Release|Any CPU
	EndGlobalSection
	GlobalSection(ProjectConfigurationPlatforms) = postSolution
		{75C4D8F3-05A8-4AA9-8606-417BE10045BC}.Debug|Any CPU.ActiveCfg = Debug|Any CPU
		{75C4D8F3-05A8-4AA9-8606-417BE10045BC}.Debug|Any CPU.Build.0 = Debug|Any CPU
		{75C4D8F3-05A8-4AA9-8606-417BE10045BC}.Release|Any CPU.ActiveCfg = Release|Any CPU
		{75C4D8F3-05A8-4AA9-8606-417BE10045BC}.Release|Any CPU.Build.0 = Release|Any CPU
	EndGlobalSection
	GlobalSection(SolutionProperties) = preSolution
		HideSolutionNode = FALSE
	EndGlobalSection
	GlobalSection(ExtensibilityGlobals) = postSolution
		SolutionGuid = {11669758-39D8-4010-A6D6-2DC39B62870E}
	EndGlobalSection
EndGlobal
