
Microsoft Visual Studio Solution File, Format Version 12.00
# Visual Studio Version 16
VisualStudioVersion = 16.0.30517.126
MinimumVisualStudioVersion = 10.0.40219.1
Project("{FAE04EC0-301F-11D3-BF4B-00C04F79EFBC}") = "Primeiro", "Primeiro\Primeiro.csproj", "{45419CBD-BEEF-44FB-919F-6906925E9810}"
EndProject
Global
	GlobalSection(SolutionConfigurationPlatforms) = preSolution
		Debug|Any CPU = Debug|Any CPU
		Release|Any CPU = Release|Any CPU
	EndGlobalSection
	GlobalSection(ProjectConfigurationPlatforms) = postSolution
		{45419CBD-BEEF-44FB-919F-6906925E9810}.Debug|Any CPU.ActiveCfg = Debug|Any CPU
		{45419CBD-BEEF-44FB-919F-6906925E9810}.Debug|Any CPU.Build.0 = Debug|Any CPU
		{45419CBD-BEEF-44FB-919F-6906925E9810}.Release|Any CPU.ActiveCfg = Release|Any CPU
		{45419CBD-BEEF-44FB-919F-6906925E9810}.Release|Any CPU.Build.0 = Release|Any CPU
	EndGlobalSection
	GlobalSection(SolutionProperties) = preSolution
		HideSolutionNode = FALSE
	EndGlobalSection
	GlobalSection(ExtensibilityGlobals) = postSolution
		SolutionGuid = {FFAA1693-F10D-4325-A1CE-8AE9FEE7B536}
	EndGlobalSection
EndGlobal
